
Microsoft Visual Studio Solution File, Format Version 12.00
# Visual Studio 15
VisualStudioVersion = 15.0.27004.2009
MinimumVisualStudioVersion = 10.0.40219.1
Project("{FAE04EC0-301F-11D3-BF4B-00C04F79EFBC}") = "DemoApp", "DemoApp\DemoApp.csproj", "{4E3554E9-E515-44D0-ABBC-C025D437EB2C}"
EndProject
Project("{FAE04EC0-301F-11D3-BF4B-00C04F79EFBC}") = "ReactiveAsyncWorkerWpf", "BackgroundWorkerWpf\ReactiveAsyncWorkerWpf.csproj", "{ED279801-5B76-4557-B1BE-90CD133A484E}"
EndProject
Project("{9A19103F-16F7-4668-BE54-9A1E7A4F7556}") = "ReactiveAsyncWorker", "BackgroundWorkerObservable\ReactiveAsyncWorker.csproj", "{B360DF8A-823A-4D1F-B1E5-C8CC0B355B21}"
EndProject
Project("{FAE04EC0-301F-11D3-BF4B-00C04F79EFBC}") = "UtilityWpf.View", "..\UtilityWpf\UtilityWpf.View\UtilityWpf.View.csproj", "{DEE623FD-EF9B-4FB6-A6A0-C04AD50D0CCA}"
EndProject
Project("{FAE04EC0-301F-11D3-BF4B-00C04F79EFBC}") = "UtilityWpf.ViewModel", "..\UtilityWpf\UtilityWpf.ViewModel\UtilityWpf.ViewModel.csproj", "{B37CA4E6-0E1A-43F6-BF51-AB800A6677F0}"
EndProject
Project("{FAE04EC0-301F-11D3-BF4B-00C04F79EFBC}") = "UtilityWpf.Common", "..\UtilityWpf\UtilityWpf.Common\UtilityWpf.Common.csproj", "{62D2FFEB-DF74-4567-B251-3AD07C22D494}"
EndProject
Project("{FAE04EC0-301F-11D3-BF4B-00C04F79EFBC}") = "AsyncTestProject", "AsyncTestProject\AsyncTestProject.csproj", "{434AA39B-C628-4BD4-932B-1A4A9FD5BF01}"
EndProject
Global
	GlobalSection(SolutionConfigurationPlatforms) = preSolution
		Debug|Any CPU = Debug|Any CPU
		Release|Any CPU = Release|Any CPU
	EndGlobalSection
	GlobalSection(ProjectConfigurationPlatforms) = postSolution
		{4E3554E9-E515-44D0-ABBC-C025D437EB2C}.Debug|Any CPU.ActiveCfg = Debug|Any CPU
		{4E3554E9-E515-44D0-ABBC-C025D437EB2C}.Debug|Any CPU.Build.0 = Debug|Any CPU
		{4E3554E9-E515-44D0-ABBC-C025D437EB2C}.Release|Any CPU.ActiveCfg = Release|Any CPU
		{4E3554E9-E515-44D0-ABBC-C025D437EB2C}.Release|Any CPU.Build.0 = Release|Any CPU
		{ED279801-5B76-4557-B1BE-90CD133A484E}.Debug|Any CPU.ActiveCfg = Debug|Any CPU
		{ED279801-5B76-4557-B1BE-90CD133A484E}.Debug|Any CPU.Build.0 = Debug|Any CPU
		{ED279801-5B76-4557-B1BE-90CD133A484E}.Release|Any CPU.ActiveCfg = Release|Any CPU
		{ED279801-5B76-4557-B1BE-90CD133A484E}.Release|Any CPU.Build.0 = Release|Any CPU
		{B360DF8A-823A-4D1F-B1E5-C8CC0B355B21}.Debug|Any CPU.ActiveCfg = Debug|Any CPU
		{B360DF8A-823A-4D1F-B1E5-C8CC0B355B21}.Debug|Any CPU.Build.0 = Debug|Any CPU
		{B360DF8A-823A-4D1F-B1E5-C8CC0B355B21}.Release|Any CPU.ActiveCfg = Release|Any CPU
		{B360DF8A-823A-4D1F-B1E5-C8CC0B355B21}.Release|Any CPU.Build.0 = Release|Any CPU
		{DEE623FD-EF9B-4FB6-A6A0-C04AD50D0CCA}.Debug|Any CPU.ActiveCfg = Debug|Any CPU
		{DEE623FD-EF9B-4FB6-A6A0-C04AD50D0CCA}.Debug|Any CPU.Build.0 = Debug|Any CPU
		{DEE623FD-EF9B-4FB6-A6A0-C04AD50D0CCA}.Release|Any CPU.ActiveCfg = Release|Any CPU
		{DEE623FD-EF9B-4FB6-A6A0-C04AD50D0CCA}.Release|Any CPU.Build.0 = Release|Any CPU
		{B37CA4E6-0E1A-43F6-BF51-AB800A6677F0}.Debug|Any CPU.ActiveCfg = Debug|Any CPU
		{B37CA4E6-0E1A-43F6-BF51-AB800A6677F0}.Debug|Any CPU.Build.0 = Debug|Any CPU
		{B37CA4E6-0E1A-43F6-BF51-AB800A6677F0}.Release|Any CPU.ActiveCfg = Release|Any CPU
		{B37CA4E6-0E1A-43F6-BF51-AB800A6677F0}.Release|Any CPU.Build.0 = Release|Any CPU
		{62D2FFEB-DF74-4567-B251-3AD07C22D494}.Debug|Any CPU.ActiveCfg = Debug|Any CPU
		{62D2FFEB-DF74-4567-B251-3AD07C22D494}.Debug|Any CPU.Build.0 = Debug|Any CPU
		{62D2FFEB-DF74-4567-B251-3AD07C22D494}.Release|Any CPU.ActiveCfg = Release|Any CPU
		{62D2FFEB-DF74-4567-B251-3AD07C22D494}.Release|Any CPU.Build.0 = Release|Any CPU
		{434AA39B-C628-4BD4-932B-1A4A9FD5BF01}.Debug|Any CPU.ActiveCfg = Debug|Any CPU
		{434AA39B-C628-4BD4-932B-1A4A9FD5BF01}.Debug|Any CPU.Build.0 = Debug|Any CPU
		{434AA39B-C628-4BD4-932B-1A4A9FD5BF01}.Release|Any CPU.ActiveCfg = Release|Any CPU
		{434AA39B-C628-4BD4-932B-1A4A9FD5BF01}.Release|Any CPU.Build.0 = Release|Any CPU
	EndGlobalSection
	GlobalSection(SolutionProperties) = preSolution
		HideSolutionNode = FALSE
	EndGlobalSection
	GlobalSection(ExtensibilityGlobals) = postSolution
		SolutionGuid = {609432E4-EFBA-4EC1-93C8-60A619593072}
	EndGlobalSection
EndGlobal
