
Microsoft Visual Studio Solution File, Format Version 12.00
# Visual Studio 15
VisualStudioVersion = 15.0.27004.2009
MinimumVisualStudioVersion = 10.0.40219.1
Project("{FAE04EC0-301F-11D3-BF4B-00C04F79EFBC}") = "DemoApp", "DemoApp\DemoApp.csproj", "{4E3554E9-E515-44D0-ABBC-C025D437EB2C}"
EndProject
Project("{FAE04EC0-301F-11D3-BF4B-00C04F79EFBC}") = "BackgroundWorkerControl", "BackgroundWorkerUserControl\BackgroundWorkerControl.csproj", "{ED279801-5B76-4557-B1BE-90CD133A484E}"
EndProject
Project("{9A19103F-16F7-4668-BE54-9A1E7A4F7556}") = "BackgroundWorkerWrapper", "BackgroundWorkerEx\BackgroundWorkerWrapper.csproj", "{59804B9C-016B-445D-9646-4BA4CBFAB8A3}"
EndProject
Project("{FAE04EC0-301F-11D3-BF4B-00C04F79EFBC}") = "GenericBackgroundWorker", "..\Generic BackgroundWorker\System.ComponentModel.Custom.Generic\GenericBackgroundWorker.csproj", "{49E49D4D-A50A-404B-B4CF-0F199952E7D4}"
EndProject
Project("{FAE04EC0-301F-11D3-BF4B-00C04F79EFBC}") = "BackgroundWorkerObservable", "BackgroundWorkerObservable\BackgroundWorkerObservable.csproj", "{B360DF8A-823A-4D1F-B1E5-C8CC0B355B21}"
EndProject
Global
	GlobalSection(SolutionConfigurationPlatforms) = preSolution
		Debug|Any CPU = Debug|Any CPU
		Release|Any CPU = Release|Any CPU
	EndGlobalSection
	GlobalSection(ProjectConfigurationPlatforms) = postSolution
		{4E3554E9-E515-44D0-ABBC-C025D437EB2C}.Debug|Any CPU.ActiveCfg = Debug|Any CPU
		{4E3554E9-E515-44D0-ABBC-C025D437EB2C}.Debug|Any CPU.Build.0 = Debug|Any CPU
		{4E3554E9-E515-44D0-ABBC-C025D437EB2C}.Release|Any CPU.ActiveCfg = Release|Any CPU
		{4E3554E9-E515-44D0-ABBC-C025D437EB2C}.Release|Any CPU.Build.0 = Release|Any CPU
		{ED279801-5B76-4557-B1BE-90CD133A484E}.Debug|Any CPU.ActiveCfg = Debug|Any CPU
		{ED279801-5B76-4557-B1BE-90CD133A484E}.Debug|Any CPU.Build.0 = Debug|Any CPU
		{ED279801-5B76-4557-B1BE-90CD133A484E}.Release|Any CPU.ActiveCfg = Release|Any CPU
		{ED279801-5B76-4557-B1BE-90CD133A484E}.Release|Any CPU.Build.0 = Release|Any CPU
		{59804B9C-016B-445D-9646-4BA4CBFAB8A3}.Debug|Any CPU.ActiveCfg = Debug|Any CPU
		{59804B9C-016B-445D-9646-4BA4CBFAB8A3}.Debug|Any CPU.Build.0 = Debug|Any CPU
		{59804B9C-016B-445D-9646-4BA4CBFAB8A3}.Release|Any CPU.ActiveCfg = Release|Any CPU
		{59804B9C-016B-445D-9646-4BA4CBFAB8A3}.Release|Any CPU.Build.0 = Release|Any CPU
		{49E49D4D-A50A-404B-B4CF-0F199952E7D4}.Debug|Any CPU.ActiveCfg = Debug|Any CPU
		{49E49D4D-A50A-404B-B4CF-0F199952E7D4}.Debug|Any CPU.Build.0 = Debug|Any CPU
		{49E49D4D-A50A-404B-B4CF-0F199952E7D4}.Release|Any CPU.ActiveCfg = Release|Any CPU
		{49E49D4D-A50A-404B-B4CF-0F199952E7D4}.Release|Any CPU.Build.0 = Release|Any CPU
		{B360DF8A-823A-4D1F-B1E5-C8CC0B355B21}.Debug|Any CPU.ActiveCfg = Debug|Any CPU
		{B360DF8A-823A-4D1F-B1E5-C8CC0B355B21}.Debug|Any CPU.Build.0 = Debug|Any CPU
		{B360DF8A-823A-4D1F-B1E5-C8CC0B355B21}.Release|Any CPU.ActiveCfg = Release|Any CPU
		{B360DF8A-823A-4D1F-B1E5-C8CC0B355B21}.Release|Any CPU.Build.0 = Release|Any CPU
	EndGlobalSection
	GlobalSection(SolutionProperties) = preSolution
		HideSolutionNode = FALSE
	EndGlobalSection
	GlobalSection(ExtensibilityGlobals) = postSolution
		SolutionGuid = {609432E4-EFBA-4EC1-93C8-60A619593072}
	EndGlobalSection
EndGlobal
